
Microsoft Visual Studio Solution File, Format Version 12.00
# Visual Studio Version 17
VisualStudioVersion = 17.4.33110.190
MinimumVisualStudioVersion = 10.0.40219.1
Project("{2150E333-8FDC-42A3-9474-1A3956D46DE8}") = "CMakePredefinedTargets", "CMakePredefinedTargets", "{2ADF9BFB-9195-34E9-BB4B-9F22874E9C90}"
EndProject
Project("{2150E333-8FDC-42A3-9474-1A3956D46DE8}") = "External", "External", "{71D15086-5FBD-3828-AB69-D2DE931F1B76}"
EndProject
Project("{2150E333-8FDC-42A3-9474-1A3956D46DE8}") = "Internal", "Internal", "{04D32CFF-D2F9-39BC-A09A-4ED0A7267515}"
EndProject
Project("{2150E333-8FDC-42A3-9474-1A3956D46DE8}") = "Utils", "Utils", "{E2E79C30-CC58-366C-9B0B-9CB70D39D5B0}"
EndProject
Project("{8BC9CEB8-8B4A-11D0-8D11-00A0C91BC942}") = "LemmingsGame", "LemmingsGame.vcxproj", "{300E32A5-BA56-3A4B-BEDC-B27869B3AA96}"
	ProjectSection(ProjectDependencies) = postProject
		{B29882CF-A9AD-3F76-AA84-2A78FC09C815} = {B29882CF-A9AD-3F76-AA84-2A78FC09C815}
		{B1D9350F-742F-3929-84DB-F388DC8A0BCE} = {B1D9350F-742F-3929-84DB-F388DC8A0BCE}
		{93D8BEBA-8C24-3C8E-B661-6B999EA5B092} = {93D8BEBA-8C24-3C8E-B661-6B999EA5B092}
		{407D7949-39BE-38C0-9F88-85F89AFC1949} = {407D7949-39BE-38C0-9F88-85F89AFC1949}
		{C26D59DE-BC20-37B4-A49A-E9FEA3C97C11} = {C26D59DE-BC20-37B4-A49A-E9FEA3C97C11}
		{CC54799D-6117-3094-AD5E-0AC70F7CBF71} = {CC54799D-6117-3094-AD5E-0AC70F7CBF71}
		{6375DB2B-0D4A-38BF-88B6-3CA94E39E68A} = {6375DB2B-0D4A-38BF-88B6-3CA94E39E68A}
		{61CFE804-7D7F-355D-993A-C6F6AA7E2028} = {61CFE804-7D7F-355D-993A-C6F6AA7E2028}
		{B8241247-C257-3F0E-8CA0-A5F1DBCE513B} = {B8241247-C257-3F0E-8CA0-A5F1DBCE513B}
		{61AB5C05-C931-3162-93E4-DE57E562CA97} = {61AB5C05-C931-3162-93E4-DE57E562CA97}
		{7A1BF479-D83C-3355-8F13-6D7A030478A8} = {7A1BF479-D83C-3355-8F13-6D7A030478A8}
		{26626BB2-6CF0-3756-87FF-A5F7774FCD7B} = {26626BB2-6CF0-3756-87FF-A5F7774FCD7B}
		{CA9BC42C-EE6F-3D8D-9AFA-C86126F18B38} = {CA9BC42C-EE6F-3D8D-9AFA-C86126F18B38}
		{AEB7F983-15A4-3B55-BB0B-BCF3032FF41B} = {AEB7F983-15A4-3B55-BB0B-BCF3032FF41B}
	EndProjectSection
EndProject
Project("{8BC9CEB8-8B4A-11D0-8D11-00A0C91BC942}") = "SYNC_RESOURCE-LemmingsGame", "SYNC_RESOURCE-LemmingsGame.vcxproj", "{B29882CF-A9AD-3F76-AA84-2A78FC09C815}"
	ProjectSection(ProjectDependencies) = postProject
		{B1D9350F-742F-3929-84DB-F388DC8A0BCE} = {B1D9350F-742F-3929-84DB-F388DC8A0BCE}
	EndProjectSection
EndProject
Project("{8BC9CEB8-8B4A-11D0-8D11-00A0C91BC942}") = "ZERO_CHECK", "ZERO_CHECK.vcxproj", "{B1D9350F-742F-3929-84DB-F388DC8A0BCE}"
EndProject
Project("{8BC9CEB8-8B4A-11D0-8D11-00A0C91BC942}") = "cocos2d", "engine\cocos\core\cocos2d.vcxproj", "{93D8BEBA-8C24-3C8E-B661-6B999EA5B092}"
	ProjectSection(ProjectDependencies) = postProject
		{B1D9350F-742F-3929-84DB-F388DC8A0BCE} = {B1D9350F-742F-3929-84DB-F388DC8A0BCE}
		{407D7949-39BE-38C0-9F88-85F89AFC1949} = {407D7949-39BE-38C0-9F88-85F89AFC1949}
		{C26D59DE-BC20-37B4-A49A-E9FEA3C97C11} = {C26D59DE-BC20-37B4-A49A-E9FEA3C97C11}
		{CC54799D-6117-3094-AD5E-0AC70F7CBF71} = {CC54799D-6117-3094-AD5E-0AC70F7CBF71}
		{6375DB2B-0D4A-38BF-88B6-3CA94E39E68A} = {6375DB2B-0D4A-38BF-88B6-3CA94E39E68A}
		{61CFE804-7D7F-355D-993A-C6F6AA7E2028} = {61CFE804-7D7F-355D-993A-C6F6AA7E2028}
		{B8241247-C257-3F0E-8CA0-A5F1DBCE513B} = {B8241247-C257-3F0E-8CA0-A5F1DBCE513B}
		{61AB5C05-C931-3162-93E4-DE57E562CA97} = {61AB5C05-C931-3162-93E4-DE57E562CA97}
		{7A1BF479-D83C-3355-8F13-6D7A030478A8} = {7A1BF479-D83C-3355-8F13-6D7A030478A8}
		{26626BB2-6CF0-3756-87FF-A5F7774FCD7B} = {26626BB2-6CF0-3756-87FF-A5F7774FCD7B}
		{CA9BC42C-EE6F-3D8D-9AFA-C86126F18B38} = {CA9BC42C-EE6F-3D8D-9AFA-C86126F18B38}
		{AEB7F983-15A4-3B55-BB0B-BCF3032FF41B} = {AEB7F983-15A4-3B55-BB0B-BCF3032FF41B}
	EndProjectSection
EndProject
Project("{8BC9CEB8-8B4A-11D0-8D11-00A0C91BC942}") = "ext_clipper", "engine\external\clipper\ext_clipper.vcxproj", "{407D7949-39BE-38C0-9F88-85F89AFC1949}"
	ProjectSection(ProjectDependencies) = postProject
		{B1D9350F-742F-3929-84DB-F388DC8A0BCE} = {B1D9350F-742F-3929-84DB-F388DC8A0BCE}
	EndProjectSection
EndProject
Project("{8BC9CEB8-8B4A-11D0-8D11-00A0C91BC942}") = "ext_convertUTF", "engine\external\ConvertUTF\ext_convertUTF.vcxproj", "{C26D59DE-BC20-37B4-A49A-E9FEA3C97C11}"
	ProjectSection(ProjectDependencies) = postProject
		{B1D9350F-742F-3929-84DB-F388DC8A0BCE} = {B1D9350F-742F-3929-84DB-F388DC8A0BCE}
	EndProjectSection
EndProject
Project("{8BC9CEB8-8B4A-11D0-8D11-00A0C91BC942}") = "ext_edtaa3func", "engine\external\edtaa3func\ext_edtaa3func.vcxproj", "{CC54799D-6117-3094-AD5E-0AC70F7CBF71}"
	ProjectSection(ProjectDependencies) = postProject
		{B1D9350F-742F-3929-84DB-F388DC8A0BCE} = {B1D9350F-742F-3929-84DB-F388DC8A0BCE}
	EndProjectSection
EndProject
Project("{8BC9CEB8-8B4A-11D0-8D11-00A0C91BC942}") = "ext_md5", "engine\external\md5\ext_md5.vcxproj", "{6375DB2B-0D4A-38BF-88B6-3CA94E39E68A}"
	ProjectSection(ProjectDependencies) = postProject
		{B1D9350F-742F-3929-84DB-F388DC8A0BCE} = {B1D9350F-742F-3929-84DB-F388DC8A0BCE}
	EndProjectSection
EndProject
Project("{8BC9CEB8-8B4A-11D0-8D11-00A0C91BC942}") = "ext_poly2tri", "engine\external\poly2tri\ext_poly2tri.vcxproj", "{61CFE804-7D7F-355D-993A-C6F6AA7E2028}"
	ProjectSection(ProjectDependencies) = postProject
		{B1D9350F-742F-3929-84DB-F388DC8A0BCE} = {B1D9350F-742F-3929-84DB-F388DC8A0BCE}
	EndProjectSection
EndProject
Project("{8BC9CEB8-8B4A-11D0-8D11-00A0C91BC942}") = "ext_recast", "engine\external\recast\ext_recast.vcxproj", "{B8241247-C257-3F0E-8CA0-A5F1DBCE513B}"
	ProjectSection(ProjectDependencies) = postProject
		{B1D9350F-742F-3929-84DB-F388DC8A0BCE} = {B1D9350F-742F-3929-84DB-F388DC8A0BCE}
	EndProjectSection
EndProject
Project("{8BC9CEB8-8B4A-11D0-8D11-00A0C91BC942}") = "ext_tinyxml2", "engine\external\tinyxml2\ext_tinyxml2.vcxproj", "{61AB5C05-C931-3162-93E4-DE57E562CA97}"
	ProjectSection(ProjectDependencies) = postProject
		{B1D9350F-742F-3929-84DB-F388DC8A0BCE} = {B1D9350F-742F-3929-84DB-F388DC8A0BCE}
	EndProjectSection
EndProject
Project("{8BC9CEB8-8B4A-11D0-8D11-00A0C91BC942}") = "ext_unzip", "engine\external\unzip\ext_unzip.vcxproj", "{7A1BF479-D83C-3355-8F13-6D7A030478A8}"
	ProjectSection(ProjectDependencies) = postProject
		{B1D9350F-742F-3929-84DB-F388DC8A0BCE} = {B1D9350F-742F-3929-84DB-F388DC8A0BCE}
	EndProjectSection
EndProject
Project("{8BC9CEB8-8B4A-11D0-8D11-00A0C91BC942}") = "ext_xxhash", "engine\external\xxhash\ext_xxhash.vcxproj", "{26626BB2-6CF0-3756-87FF-A5F7774FCD7B}"
	ProjectSection(ProjectDependencies) = postProject
		{B1D9350F-742F-3929-84DB-F388DC8A0BCE} = {B1D9350F-742F-3929-84DB-F388DC8A0BCE}
	EndProjectSection
EndProject
Project("{8BC9CEB8-8B4A-11D0-8D11-00A0C91BC942}") = "ext_xxtea", "engine\external\xxtea\ext_xxtea.vcxproj", "{CA9BC42C-EE6F-3D8D-9AFA-C86126F18B38}"
	ProjectSection(ProjectDependencies) = postProject
		{B1D9350F-742F-3929-84DB-F388DC8A0BCE} = {B1D9350F-742F-3929-84DB-F388DC8A0BCE}
	EndProjectSection
EndProject
Project("{8BC9CEB8-8B4A-11D0-8D11-00A0C91BC942}") = "external", "engine\external\external.vcxproj", "{AEB7F983-15A4-3B55-BB0B-BCF3032FF41B}"
	ProjectSection(ProjectDependencies) = postProject
		{B1D9350F-742F-3929-84DB-F388DC8A0BCE} = {B1D9350F-742F-3929-84DB-F388DC8A0BCE}
		{407D7949-39BE-38C0-9F88-85F89AFC1949} = {407D7949-39BE-38C0-9F88-85F89AFC1949}
		{C26D59DE-BC20-37B4-A49A-E9FEA3C97C11} = {C26D59DE-BC20-37B4-A49A-E9FEA3C97C11}
		{CC54799D-6117-3094-AD5E-0AC70F7CBF71} = {CC54799D-6117-3094-AD5E-0AC70F7CBF71}
		{6375DB2B-0D4A-38BF-88B6-3CA94E39E68A} = {6375DB2B-0D4A-38BF-88B6-3CA94E39E68A}
		{61CFE804-7D7F-355D-993A-C6F6AA7E2028} = {61CFE804-7D7F-355D-993A-C6F6AA7E2028}
		{B8241247-C257-3F0E-8CA0-A5F1DBCE513B} = {B8241247-C257-3F0E-8CA0-A5F1DBCE513B}
		{61AB5C05-C931-3162-93E4-DE57E562CA97} = {61AB5C05-C931-3162-93E4-DE57E562CA97}
		{7A1BF479-D83C-3355-8F13-6D7A030478A8} = {7A1BF479-D83C-3355-8F13-6D7A030478A8}
		{26626BB2-6CF0-3756-87FF-A5F7774FCD7B} = {26626BB2-6CF0-3756-87FF-A5F7774FCD7B}
		{CA9BC42C-EE6F-3D8D-9AFA-C86126F18B38} = {CA9BC42C-EE6F-3D8D-9AFA-C86126F18B38}
	EndProjectSection
EndProject
Global
	GlobalSection(SolutionConfigurationPlatforms) = preSolution
		Debug|Win32 = Debug|Win32
		MinSizeRel|Win32 = MinSizeRel|Win32
		Release|Win32 = Release|Win32
		RelWithDebInfo|Win32 = RelWithDebInfo|Win32
	EndGlobalSection
	GlobalSection(ProjectConfigurationPlatforms) = postSolution
		{300E32A5-BA56-3A4B-BEDC-B27869B3AA96}.Debug|Win32.ActiveCfg = Debug|Win32
		{300E32A5-BA56-3A4B-BEDC-B27869B3AA96}.Debug|Win32.Build.0 = Debug|Win32
		{300E32A5-BA56-3A4B-BEDC-B27869B3AA96}.MinSizeRel|Win32.ActiveCfg = MinSizeRel|Win32
		{300E32A5-BA56-3A4B-BEDC-B27869B3AA96}.MinSizeRel|Win32.Build.0 = MinSizeRel|Win32
		{300E32A5-BA56-3A4B-BEDC-B27869B3AA96}.Release|Win32.ActiveCfg = Release|Win32
		{300E32A5-BA56-3A4B-BEDC-B27869B3AA96}.Release|Win32.Build.0 = Release|Win32
		{300E32A5-BA56-3A4B-BEDC-B27869B3AA96}.RelWithDebInfo|Win32.ActiveCfg = RelWithDebInfo|Win32
		{300E32A5-BA56-3A4B-BEDC-B27869B3AA96}.RelWithDebInfo|Win32.Build.0 = RelWithDebInfo|Win32
		{B29882CF-A9AD-3F76-AA84-2A78FC09C815}.Debug|Win32.ActiveCfg = Debug|Win32
		{B29882CF-A9AD-3F76-AA84-2A78FC09C815}.Debug|Win32.Build.0 = Debug|Win32
		{B29882CF-A9AD-3F76-AA84-2A78FC09C815}.MinSizeRel|Win32.ActiveCfg = MinSizeRel|Win32
		{B29882CF-A9AD-3F76-AA84-2A78FC09C815}.MinSizeRel|Win32.Build.0 = MinSizeRel|Win32
		{B29882CF-A9AD-3F76-AA84-2A78FC09C815}.Release|Win32.ActiveCfg = Release|Win32
		{B29882CF-A9AD-3F76-AA84-2A78FC09C815}.Release|Win32.Build.0 = Release|Win32
		{B29882CF-A9AD-3F76-AA84-2A78FC09C815}.RelWithDebInfo|Win32.ActiveCfg = RelWithDebInfo|Win32
		{B29882CF-A9AD-3F76-AA84-2A78FC09C815}.RelWithDebInfo|Win32.Build.0 = RelWithDebInfo|Win32
		{B1D9350F-742F-3929-84DB-F388DC8A0BCE}.Debug|Win32.ActiveCfg = Debug|Win32
		{B1D9350F-742F-3929-84DB-F388DC8A0BCE}.Debug|Win32.Build.0 = Debug|Win32
		{B1D9350F-742F-3929-84DB-F388DC8A0BCE}.MinSizeRel|Win32.ActiveCfg = MinSizeRel|Win32
		{B1D9350F-742F-3929-84DB-F388DC8A0BCE}.MinSizeRel|Win32.Build.0 = MinSizeRel|Win32
		{B1D9350F-742F-3929-84DB-F388DC8A0BCE}.Release|Win32.ActiveCfg = Release|Win32
		{B1D9350F-742F-3929-84DB-F388DC8A0BCE}.Release|Win32.Build.0 = Release|Win32
		{B1D9350F-742F-3929-84DB-F388DC8A0BCE}.RelWithDebInfo|Win32.ActiveCfg = RelWithDebInfo|Win32
		{B1D9350F-742F-3929-84DB-F388DC8A0BCE}.RelWithDebInfo|Win32.Build.0 = RelWithDebInfo|Win32
		{93D8BEBA-8C24-3C8E-B661-6B999EA5B092}.Debug|Win32.ActiveCfg = Debug|Win32
		{93D8BEBA-8C24-3C8E-B661-6B999EA5B092}.Debug|Win32.Build.0 = Debug|Win32
		{93D8BEBA-8C24-3C8E-B661-6B999EA5B092}.MinSizeRel|Win32.ActiveCfg = MinSizeRel|Win32
		{93D8BEBA-8C24-3C8E-B661-6B999EA5B092}.MinSizeRel|Win32.Build.0 = MinSizeRel|Win32
		{93D8BEBA-8C24-3C8E-B661-6B999EA5B092}.Release|Win32.ActiveCfg = Release|Win32
		{93D8BEBA-8C24-3C8E-B661-6B999EA5B092}.Release|Win32.Build.0 = Release|Win32
		{93D8BEBA-8C24-3C8E-B661-6B999EA5B092}.RelWithDebInfo|Win32.ActiveCfg = RelWithDebInfo|Win32
		{93D8BEBA-8C24-3C8E-B661-6B999EA5B092}.RelWithDebInfo|Win32.Build.0 = RelWithDebInfo|Win32
		{407D7949-39BE-38C0-9F88-85F89AFC1949}.Debug|Win32.ActiveCfg = Debug|Win32
		{407D7949-39BE-38C0-9F88-85F89AFC1949}.Debug|Win32.Build.0 = Debug|Win32
		{407D7949-39BE-38C0-9F88-85F89AFC1949}.MinSizeRel|Win32.ActiveCfg = MinSizeRel|Win32
		{407D7949-39BE-38C0-9F88-85F89AFC1949}.MinSizeRel|Win32.Build.0 = MinSizeRel|Win32
		{407D7949-39BE-38C0-9F88-85F89AFC1949}.Release|Win32.ActiveCfg = Release|Win32
		{407D7949-39BE-38C0-9F88-85F89AFC1949}.Release|Win32.Build.0 = Release|Win32
		{407D7949-39BE-38C0-9F88-85F89AFC1949}.RelWithDebInfo|Win32.ActiveCfg = RelWithDebInfo|Win32
		{407D7949-39BE-38C0-9F88-85F89AFC1949}.RelWithDebInfo|Win32.Build.0 = RelWithDebInfo|Win32
		{C26D59DE-BC20-37B4-A49A-E9FEA3C97C11}.Debug|Win32.ActiveCfg = Debug|Win32
		{C26D59DE-BC20-37B4-A49A-E9FEA3C97C11}.Debug|Win32.Build.0 = Debug|Win32
		{C26D59DE-BC20-37B4-A49A-E9FEA3C97C11}.MinSizeRel|Win32.ActiveCfg = MinSizeRel|Win32
		{C26D59DE-BC20-37B4-A49A-E9FEA3C97C11}.MinSizeRel|Win32.Build.0 = MinSizeRel|Win32
		{C26D59DE-BC20-37B4-A49A-E9FEA3C97C11}.Release|Win32.ActiveCfg = Release|Win32
		{C26D59DE-BC20-37B4-A49A-E9FEA3C97C11}.Release|Win32.Build.0 = Release|Win32
		{C26D59DE-BC20-37B4-A49A-E9FEA3C97C11}.RelWithDebInfo|Win32.ActiveCfg = RelWithDebInfo|Win32
		{C26D59DE-BC20-37B4-A49A-E9FEA3C97C11}.RelWithDebInfo|Win32.Build.0 = RelWithDebInfo|Win32
		{CC54799D-6117-3094-AD5E-0AC70F7CBF71}.Debug|Win32.ActiveCfg = Debug|Win32
		{CC54799D-6117-3094-AD5E-0AC70F7CBF71}.Debug|Win32.Build.0 = Debug|Win32
		{CC54799D-6117-3094-AD5E-0AC70F7CBF71}.MinSizeRel|Win32.ActiveCfg = MinSizeRel|Win32
		{CC54799D-6117-3094-AD5E-0AC70F7CBF71}.MinSizeRel|Win32.Build.0 = MinSizeRel|Win32
		{CC54799D-6117-3094-AD5E-0AC70F7CBF71}.Release|Win32.ActiveCfg = Release|Win32
		{CC54799D-6117-3094-AD5E-0AC70F7CBF71}.Release|Win32.Build.0 = Release|Win32
		{CC54799D-6117-3094-AD5E-0AC70F7CBF71}.RelWithDebInfo|Win32.ActiveCfg = RelWithDebInfo|Win32
		{CC54799D-6117-3094-AD5E-0AC70F7CBF71}.RelWithDebInfo|Win32.Build.0 = RelWithDebInfo|Win32
		{6375DB2B-0D4A-38BF-88B6-3CA94E39E68A}.Debug|Win32.ActiveCfg = Debug|Win32
		{6375DB2B-0D4A-38BF-88B6-3CA94E39E68A}.Debug|Win32.Build.0 = Debug|Win32
		{6375DB2B-0D4A-38BF-88B6-3CA94E39E68A}.MinSizeRel|Win32.ActiveCfg = MinSizeRel|Win32
		{6375DB2B-0D4A-38BF-88B6-3CA94E39E68A}.MinSizeRel|Win32.Build.0 = MinSizeRel|Win32
		{6375DB2B-0D4A-38BF-88B6-3CA94E39E68A}.Release|Win32.ActiveCfg = Release|Win32
		{6375DB2B-0D4A-38BF-88B6-3CA94E39E68A}.Release|Win32.Build.0 = Release|Win32
		{6375DB2B-0D4A-38BF-88B6-3CA94E39E68A}.RelWithDebInfo|Win32.ActiveCfg = RelWithDebInfo|Win32
		{6375DB2B-0D4A-38BF-88B6-3CA94E39E68A}.RelWithDebInfo|Win32.Build.0 = RelWithDebInfo|Win32
		{61CFE804-7D7F-355D-993A-C6F6AA7E2028}.Debug|Win32.ActiveCfg = Debug|Win32
		{61CFE804-7D7F-355D-993A-C6F6AA7E2028}.Debug|Win32.Build.0 = Debug|Win32
		{61CFE804-7D7F-355D-993A-C6F6AA7E2028}.MinSizeRel|Win32.ActiveCfg = MinSizeRel|Win32
		{61CFE804-7D7F-355D-993A-C6F6AA7E2028}.MinSizeRel|Win32.Build.0 = MinSizeRel|Win32
		{61CFE804-7D7F-355D-993A-C6F6AA7E2028}.Release|Win32.ActiveCfg = Release|Win32
		{61CFE804-7D7F-355D-993A-C6F6AA7E2028}.Release|Win32.Build.0 = Release|Win32
		{61CFE804-7D7F-355D-993A-C6F6AA7E2028}.RelWithDebInfo|Win32.ActiveCfg = RelWithDebInfo|Win32
		{61CFE804-7D7F-355D-993A-C6F6AA7E2028}.RelWithDebInfo|Win32.Build.0 = RelWithDebInfo|Win32
		{B8241247-C257-3F0E-8CA0-A5F1DBCE513B}.Debug|Win32.ActiveCfg = Debug|Win32
		{B8241247-C257-3F0E-8CA0-A5F1DBCE513B}.Debug|Win32.Build.0 = Debug|Win32
		{B8241247-C257-3F0E-8CA0-A5F1DBCE513B}.MinSizeRel|Win32.ActiveCfg = MinSizeRel|Win32
		{B8241247-C257-3F0E-8CA0-A5F1DBCE513B}.MinSizeRel|Win32.Build.0 = MinSizeRel|Win32
		{B8241247-C257-3F0E-8CA0-A5F1DBCE513B}.Release|Win32.ActiveCfg = Release|Win32
		{B8241247-C257-3F0E-8CA0-A5F1DBCE513B}.Release|Win32.Build.0 = Release|Win32
		{B8241247-C257-3F0E-8CA0-A5F1DBCE513B}.RelWithDebInfo|Win32.ActiveCfg = RelWithDebInfo|Win32
		{B8241247-C257-3F0E-8CA0-A5F1DBCE513B}.RelWithDebInfo|Win32.Build.0 = RelWithDebInfo|Win32
		{61AB5C05-C931-3162-93E4-DE57E562CA97}.Debug|Win32.ActiveCfg = Debug|Win32
		{61AB5C05-C931-3162-93E4-DE57E562CA97}.Debug|Win32.Build.0 = Debug|Win32
		{61AB5C05-C931-3162-93E4-DE57E562CA97}.MinSizeRel|Win32.ActiveCfg = MinSizeRel|Win32
		{61AB5C05-C931-3162-93E4-DE57E562CA97}.MinSizeRel|Win32.Build.0 = MinSizeRel|Win32
		{61AB5C05-C931-3162-93E4-DE57E562CA97}.Release|Win32.ActiveCfg = Release|Win32
		{61AB5C05-C931-3162-93E4-DE57E562CA97}.Release|Win32.Build.0 = Release|Win32
		{61AB5C05-C931-3162-93E4-DE57E562CA97}.RelWithDebInfo|Win32.ActiveCfg = RelWithDebInfo|Win32
		{61AB5C05-C931-3162-93E4-DE57E562CA97}.RelWithDebInfo|Win32.Build.0 = RelWithDebInfo|Win32
		{7A1BF479-D83C-3355-8F13-6D7A030478A8}.Debug|Win32.ActiveCfg = Debug|Win32
		{7A1BF479-D83C-3355-8F13-6D7A030478A8}.Debug|Win32.Build.0 = Debug|Win32
		{7A1BF479-D83C-3355-8F13-6D7A030478A8}.MinSizeRel|Win32.ActiveCfg = MinSizeRel|Win32
		{7A1BF479-D83C-3355-8F13-6D7A030478A8}.MinSizeRel|Win32.Build.0 = MinSizeRel|Win32
		{7A1BF479-D83C-3355-8F13-6D7A030478A8}.Release|Win32.ActiveCfg = Release|Win32
		{7A1BF479-D83C-3355-8F13-6D7A030478A8}.Release|Win32.Build.0 = Release|Win32
		{7A1BF479-D83C-3355-8F13-6D7A030478A8}.RelWithDebInfo|Win32.ActiveCfg = RelWithDebInfo|Win32
		{7A1BF479-D83C-3355-8F13-6D7A030478A8}.RelWithDebInfo|Win32.Build.0 = RelWithDebInfo|Win32
		{26626BB2-6CF0-3756-87FF-A5F7774FCD7B}.Debug|Win32.ActiveCfg = Debug|Win32
		{26626BB2-6CF0-3756-87FF-A5F7774FCD7B}.Debug|Win32.Build.0 = Debug|Win32
		{26626BB2-6CF0-3756-87FF-A5F7774FCD7B}.MinSizeRel|Win32.ActiveCfg = MinSizeRel|Win32
		{26626BB2-6CF0-3756-87FF-A5F7774FCD7B}.MinSizeRel|Win32.Build.0 = MinSizeRel|Win32
		{26626BB2-6CF0-3756-87FF-A5F7774FCD7B}.Release|Win32.ActiveCfg = Release|Win32
		{26626BB2-6CF0-3756-87FF-A5F7774FCD7B}.Release|Win32.Build.0 = Release|Win32
		{26626BB2-6CF0-3756-87FF-A5F7774FCD7B}.RelWithDebInfo|Win32.ActiveCfg = RelWithDebInfo|Win32
		{26626BB2-6CF0-3756-87FF-A5F7774FCD7B}.RelWithDebInfo|Win32.Build.0 = RelWithDebInfo|Win32
		{CA9BC42C-EE6F-3D8D-9AFA-C86126F18B38}.Debug|Win32.ActiveCfg = Debug|Win32
		{CA9BC42C-EE6F-3D8D-9AFA-C86126F18B38}.Debug|Win32.Build.0 = Debug|Win32
		{CA9BC42C-EE6F-3D8D-9AFA-C86126F18B38}.MinSizeRel|Win32.ActiveCfg = MinSizeRel|Win32
		{CA9BC42C-EE6F-3D8D-9AFA-C86126F18B38}.MinSizeRel|Win32.Build.0 = MinSizeRel|Win32
		{CA9BC42C-EE6F-3D8D-9AFA-C86126F18B38}.Release|Win32.ActiveCfg = Release|Win32
		{CA9BC42C-EE6F-3D8D-9AFA-C86126F18B38}.Release|Win32.Build.0 = Release|Win32
		{CA9BC42C-EE6F-3D8D-9AFA-C86126F18B38}.RelWithDebInfo|Win32.ActiveCfg = RelWithDebInfo|Win32
		{CA9BC42C-EE6F-3D8D-9AFA-C86126F18B38}.RelWithDebInfo|Win32.Build.0 = RelWithDebInfo|Win32
		{AEB7F983-15A4-3B55-BB0B-BCF3032FF41B}.Debug|Win32.ActiveCfg = Debug|Win32
		{AEB7F983-15A4-3B55-BB0B-BCF3032FF41B}.Debug|Win32.Build.0 = Debug|Win32
		{AEB7F983-15A4-3B55-BB0B-BCF3032FF41B}.MinSizeRel|Win32.ActiveCfg = MinSizeRel|Win32
		{AEB7F983-15A4-3B55-BB0B-BCF3032FF41B}.MinSizeRel|Win32.Build.0 = MinSizeRel|Win32
		{AEB7F983-15A4-3B55-BB0B-BCF3032FF41B}.Release|Win32.ActiveCfg = Release|Win32
		{AEB7F983-15A4-3B55-BB0B-BCF3032FF41B}.Release|Win32.Build.0 = Release|Win32
		{AEB7F983-15A4-3B55-BB0B-BCF3032FF41B}.RelWithDebInfo|Win32.ActiveCfg = RelWithDebInfo|Win32
		{AEB7F983-15A4-3B55-BB0B-BCF3032FF41B}.RelWithDebInfo|Win32.Build.0 = RelWithDebInfo|Win32
	EndGlobalSection
	GlobalSection(SolutionProperties) = preSolution
		HideSolutionNode = FALSE
	EndGlobalSection
	GlobalSection(NestedProjects) = preSolution
		{B29882CF-A9AD-3F76-AA84-2A78FC09C815} = {E2E79C30-CC58-366C-9B0B-9CB70D39D5B0}
		{B1D9350F-742F-3929-84DB-F388DC8A0BCE} = {2ADF9BFB-9195-34E9-BB4B-9F22874E9C90}
		{93D8BEBA-8C24-3C8E-B661-6B999EA5B092} = {04D32CFF-D2F9-39BC-A09A-4ED0A7267515}
		{407D7949-39BE-38C0-9F88-85F89AFC1949} = {71D15086-5FBD-3828-AB69-D2DE931F1B76}
		{C26D59DE-BC20-37B4-A49A-E9FEA3C97C11} = {71D15086-5FBD-3828-AB69-D2DE931F1B76}
		{CC54799D-6117-3094-AD5E-0AC70F7CBF71} = {71D15086-5FBD-3828-AB69-D2DE931F1B76}
		{6375DB2B-0D4A-38BF-88B6-3CA94E39E68A} = {71D15086-5FBD-3828-AB69-D2DE931F1B76}
		{61CFE804-7D7F-355D-993A-C6F6AA7E2028} = {71D15086-5FBD-3828-AB69-D2DE931F1B76}
		{B8241247-C257-3F0E-8CA0-A5F1DBCE513B} = {71D15086-5FBD-3828-AB69-D2DE931F1B76}
		{61AB5C05-C931-3162-93E4-DE57E562CA97} = {71D15086-5FBD-3828-AB69-D2DE931F1B76}
		{7A1BF479-D83C-3355-8F13-6D7A030478A8} = {71D15086-5FBD-3828-AB69-D2DE931F1B76}
		{26626BB2-6CF0-3756-87FF-A5F7774FCD7B} = {71D15086-5FBD-3828-AB69-D2DE931F1B76}
		{CA9BC42C-EE6F-3D8D-9AFA-C86126F18B38} = {71D15086-5FBD-3828-AB69-D2DE931F1B76}
		{AEB7F983-15A4-3B55-BB0B-BCF3032FF41B} = {71D15086-5FBD-3828-AB69-D2DE931F1B76}
	EndGlobalSection
	GlobalSection(ExtensibilityGlobals) = postSolution
		SolutionGuid = {50A97144-7659-3897-AB4B-0245368AB665}
	EndGlobalSection
EndGlobal
