<?xml version="1.0" encoding="utf-8"?>
<Project ToolsVersion="17.0" xmlns="http://schemas.microsoft.com/developer/msbuild/2003">
  <ItemGroup>
    <CustomBuild Include="F:\lemmings\LemmingsGame\proj.win32\CMakeFiles\69b717f749bd36ddb9efc5b73e102b56\SYNC_RESOURCE-LemmingsGame.rule">
      <Filter>CMake Rules</Filter>
    </CustomBuild>
    <CustomBuild Include="F:\lemmings\LemmingsGame\CMakeLists.txt" />
  </ItemGroup>
  <ItemGroup>
    <None Include="F:\lemmings\LemmingsGame\proj.win32\CMakeFiles\SYNC_RESOURCE-LemmingsGame" />
  </ItemGroup>
  <ItemGroup>
    <Filter Include="CMake Rules">
      <UniqueIdentifier>{F0A4A583-64A3-3578-B583-3583378ED643}</UniqueIdentifier>
    </Filter>
  </ItemGroup>
</Project>
